scientificgo.org/fft v0.0.0 h1:8nq6H5e0HY9ba+aie7+vz8an5xdBQZ7a2rnyZ3iQCHo=
scientificgo.org/fft v0.0.0/go.mod h1:RAwyHm5LB0BYJ5LcHBZO6wo2brPH2kuIFLgC0P+O260=
scientificgo.org/testutil v0.0.0 h1:y356DHRo0tAz9zIFmxlhZoKDlHPHaWW/DCm9k3PhIMA=
scientificgo.org/testutil v0.0.0/go.mod h1:Go6R4b+9YkFocMo3H3vNQ7tjbrX9Rc12wal7NZjvPXg=
